
Microsoft Visual Studio Solution File, Format Version 12.00
# Visual Studio 15
VisualStudioVersion = 15.0.28307.1778
MinimumVisualStudioVersion = 10.0.40219.1
Project("{FAE04EC0-301F-11D3-BF4B-00C04F79EFBC}") = "ProductClassLibrary", "ProductClassLibrary\ProductClassLibrary.csproj", "{0E927BFB-D1CD-49BA-94B6-C80492962BE7}"
EndProject
Project("{FAE04EC0-301F-11D3-BF4B-00C04F79EFBC}") = "DressProduct", "DressProduct\DressProduct.csproj", "{1C8B44C6-364C-4E05-9802-49D4F9F8FF29}"
EndProject
Global
	GlobalSection(SolutionConfigurationPlatforms) = preSolution
		Debug|Any CPU = Debug|Any CPU
		Release|Any CPU = Release|Any CPU
	EndGlobalSection
	GlobalSection(ProjectConfigurationPlatforms) = postSolution
		{0E927BFB-D1CD-49BA-94B6-C80492962BE7}.Debug|Any CPU.ActiveCfg = Debug|Any CPU
		{0E927BFB-D1CD-49BA-94B6-C80492962BE7}.Debug|Any CPU.Build.0 = Debug|Any CPU
		{0E927BFB-D1CD-49BA-94B6-C80492962BE7}.Release|Any CPU.ActiveCfg = Release|Any CPU
		{0E927BFB-D1CD-49BA-94B6-C80492962BE7}.Release|Any CPU.Build.0 = Release|Any CPU
		{1C8B44C6-364C-4E05-9802-49D4F9F8FF29}.Debug|Any CPU.ActiveCfg = Debug|Any CPU
		{1C8B44C6-364C-4E05-9802-49D4F9F8FF29}.Debug|Any CPU.Build.0 = Debug|Any CPU
		{1C8B44C6-364C-4E05-9802-49D4F9F8FF29}.Release|Any CPU.ActiveCfg = Release|Any CPU
		{1C8B44C6-364C-4E05-9802-49D4F9F8FF29}.Release|Any CPU.Build.0 = Release|Any CPU
	EndGlobalSection
	GlobalSection(SolutionProperties) = preSolution
		HideSolutionNode = FALSE
	EndGlobalSection
	GlobalSection(ExtensibilityGlobals) = postSolution
		SolutionGuid = {4DCE0913-E273-4585-8BD8-DB8B0C722692}
	EndGlobalSection
EndGlobal
